
Microsoft Visual Studio Solution File, Format Version 12.00
# Visual Studio 15
VisualStudioVersion = 15.0.28307.539
MinimumVisualStudioVersion = 10.0.40219.1
Project("{FAE04EC0-301F-11D3-BF4B-00C04F79EFBC}") = "Lab11MovieCategories", "Lab11MovieCategories\Lab11MovieCategories.csproj", "{D593BAC6-B2DD-4734-A9ED-8C1BCF8EDA04}"
EndProject
Global
	GlobalSection(SolutionConfigurationPlatforms) = preSolution
		Debug|Any CPU = Debug|Any CPU
		Release|Any CPU = Release|Any CPU
	EndGlobalSection
	GlobalSection(ProjectConfigurationPlatforms) = postSolution
		{D593BAC6-B2DD-4734-A9ED-8C1BCF8EDA04}.Debug|Any CPU.ActiveCfg = Debug|Any CPU
		{D593BAC6-B2DD-4734-A9ED-8C1BCF8EDA04}.Debug|Any CPU.Build.0 = Debug|Any CPU
		{D593BAC6-B2DD-4734-A9ED-8C1BCF8EDA04}.Release|Any CPU.ActiveCfg = Release|Any CPU
		{D593BAC6-B2DD-4734-A9ED-8C1BCF8EDA04}.Release|Any CPU.Build.0 = Release|Any CPU
	EndGlobalSection
	GlobalSection(SolutionProperties) = preSolution
		HideSolutionNode = FALSE
	EndGlobalSection
	GlobalSection(ExtensibilityGlobals) = postSolution
		SolutionGuid = {E7B3728D-9EE7-4168-94F8-C46C3CE6FC60}
	EndGlobalSection
EndGlobal
